
Microsoft Visual Studio Solution File, Format Version 12.00
# Visual Studio Version 16
VisualStudioVersion = 16.0.30804.86
MinimumVisualStudioVersion = 10.0.40219.1
Project("{FAE04EC0-301F-11D3-BF4B-00C04F79EFBC}") = "TodoApi", "TodoApi.csproj", "{F3401BB0-1EBD-43DE-BFCB-46BE5FEDFD73}"
EndProject
Global
	GlobalSection(SolutionConfigurationPlatforms) = preSolution
		Debug|Any CPU = Debug|Any CPU
		Release|Any CPU = Release|Any CPU
	EndGlobalSection
	GlobalSection(ProjectConfigurationPlatforms) = postSolution
		{F3401BB0-1EBD-43DE-BFCB-46BE5FEDFD73}.Debug|Any CPU.ActiveCfg = Debug|Any CPU
		{F3401BB0-1EBD-43DE-BFCB-46BE5FEDFD73}.Debug|Any CPU.Build.0 = Debug|Any CPU
		{F3401BB0-1EBD-43DE-BFCB-46BE5FEDFD73}.Release|Any CPU.ActiveCfg = Release|Any CPU
		{F3401BB0-1EBD-43DE-BFCB-46BE5FEDFD73}.Release|Any CPU.Build.0 = Release|Any CPU
	EndGlobalSection
	GlobalSection(SolutionProperties) = preSolution
		HideSolutionNode = FALSE
	EndGlobalSection
	GlobalSection(ExtensibilityGlobals) = postSolution
		SolutionGuid = {A066A930-246E-431E-BDE8-DC6BC4F1793A}
	EndGlobalSection
EndGlobal
